
Microsoft Visual Studio Solution File, Format Version 12.00
# Visual Studio 15
VisualStudioVersion = 15.0.27130.2020
MinimumVisualStudioVersion = 10.0.40219.1
Project("{FAE04EC0-301F-11D3-BF4B-00C04F79EFBC}") = "BREver", "Source\BREver\BREver.csproj", "{43CEA339-F0E4-4C73-91B8-DF20B65A066B}"
EndProject
Global
	GlobalSection(SolutionConfigurationPlatforms) = preSolution
		Debug|Any CPU = Debug|Any CPU
		Release|Any CPU = Release|Any CPU
	EndGlobalSection
	GlobalSection(ProjectConfigurationPlatforms) = postSolution
		{43CEA339-F0E4-4C73-91B8-DF20B65A066B}.Debug|Any CPU.ActiveCfg = Debug|Any CPU
		{43CEA339-F0E4-4C73-91B8-DF20B65A066B}.Debug|Any CPU.Build.0 = Debug|Any CPU
		{43CEA339-F0E4-4C73-91B8-DF20B65A066B}.Release|Any CPU.ActiveCfg = Release|Any CPU
		{43CEA339-F0E4-4C73-91B8-DF20B65A066B}.Release|Any CPU.Build.0 = Release|Any CPU
	EndGlobalSection
	GlobalSection(SolutionProperties) = preSolution
		HideSolutionNode = FALSE
	EndGlobalSection
	GlobalSection(ExtensibilityGlobals) = postSolution
		SolutionGuid = {33B2B71A-2118-4DD0-A551-FA8639F414C9}
	EndGlobalSection
EndGlobal
